
Microsoft Visual Studio Solution File, Format Version 12.00
# Visual Studio Version 17
VisualStudioVersion = 17.3.32819.101
MinimumVisualStudioVersion = 10.0.40219.1
Project("{FAE04EC0-301F-11D3-BF4B-00C04F79EFBC}") = "TpDiag3", "TpDiag3\TpDiag3.csproj", "{56EC03A3-DF98-4272-8F3A-EEC65433A819}"
EndProject
Global
	GlobalSection(SolutionConfigurationPlatforms) = preSolution
		Debug|Any CPU = Debug|Any CPU
		Release|Any CPU = Release|Any CPU
	EndGlobalSection
	GlobalSection(ProjectConfigurationPlatforms) = postSolution
		{56EC03A3-DF98-4272-8F3A-EEC65433A819}.Debug|Any CPU.ActiveCfg = Debug|Any CPU
		{56EC03A3-DF98-4272-8F3A-EEC65433A819}.Debug|Any CPU.Build.0 = Debug|Any CPU
		{56EC03A3-DF98-4272-8F3A-EEC65433A819}.Release|Any CPU.ActiveCfg = Release|Any CPU
		{56EC03A3-DF98-4272-8F3A-EEC65433A819}.Release|Any CPU.Build.0 = Release|Any CPU
	EndGlobalSection
	GlobalSection(SolutionProperties) = preSolution
		HideSolutionNode = FALSE
	EndGlobalSection
	GlobalSection(ExtensibilityGlobals) = postSolution
		SolutionGuid = {92A5DAD9-1D3A-4D3D-9CBE-CF1C56BBEB43}
	EndGlobalSection
EndGlobal
